
Microsoft Visual Studio Solution File, Format Version 12.00
# Visual Studio 15
VisualStudioVersion = 15.0.28307.1000
MinimumVisualStudioVersion = 10.0.40219.1
Project("{FAE04EC0-301F-11D3-BF4B-00C04F79EFBC}") = "CollectionAdministration_WPF", "CollectionAdministration_WPF\CollectionAdministration_WPF.csproj", "{BAD6CAD3-937A-4577-9DC5-9A755F9FB92C}"
EndProject
Project("{FAE04EC0-301F-11D3-BF4B-00C04F79EFBC}") = "Interfaces", "Interfaces\Interfaces.csproj", "{0C7EFB34-BCFA-4B78-B697-81A4EC9BDFEB}"
EndProject
Global
	GlobalSection(SolutionConfigurationPlatforms) = preSolution
		Debug|Any CPU = Debug|Any CPU
		Release|Any CPU = Release|Any CPU
	EndGlobalSection
	GlobalSection(ProjectConfigurationPlatforms) = postSolution
		{BAD6CAD3-937A-4577-9DC5-9A755F9FB92C}.Debug|Any CPU.ActiveCfg = Debug|Any CPU
		{BAD6CAD3-937A-4577-9DC5-9A755F9FB92C}.Debug|Any CPU.Build.0 = Debug|Any CPU
		{BAD6CAD3-937A-4577-9DC5-9A755F9FB92C}.Release|Any CPU.ActiveCfg = Release|Any CPU
		{BAD6CAD3-937A-4577-9DC5-9A755F9FB92C}.Release|Any CPU.Build.0 = Release|Any CPU
		{0C7EFB34-BCFA-4B78-B697-81A4EC9BDFEB}.Debug|Any CPU.ActiveCfg = Debug|Any CPU
		{0C7EFB34-BCFA-4B78-B697-81A4EC9BDFEB}.Debug|Any CPU.Build.0 = Debug|Any CPU
	EndGlobalSection
	GlobalSection(SolutionProperties) = preSolution
		HideSolutionNode = FALSE
	EndGlobalSection
	GlobalSection(ExtensibilityGlobals) = postSolution
		SolutionGuid = {9EAB1BB2-73B2-4F99-8BAD-9140C16F5414}
	EndGlobalSection
EndGlobal
